<?xml version="1.0" encoding="UTF-8" standalone="yes" ?>
<CodeBlocks_project_file>
	<FileVersion major="1" minor="6" />
	<Project>
		<Option title="CumuSic" />
		<Option pch_mode="2" />
		<Option compiler="gcc" />
		<Build>
			<Target title="Debug">
				<Option output="bin/Debug/CumuSic" prefix_auto="1" extension_auto="1" />
				<Option object_output="obj/Debug/" />
				<Option type="1" />
				<Option compiler="gcc" />
				<Compiler>
					<Add option="-g" />
				</Compiler>
			</Target>
			<Target title="Release">
				<Option output="bin/Release/CumuSic" prefix_auto="1" extension_auto="1" />
				<Option object_output="obj/Release/" />
				<Option type="1" />
				<Option compiler="gcc" />
				<Compiler>
					<Add option="-O2" />
				</Compiler>
				<Linker>
					<Add option="-s" />
				</Linker>
			</Target>
		</Build>
		<Compiler>
			<Add option="-Wall" />
			<Add option="-fexceptions" />
		</Compiler>
		<Unit filename="Happymusic.cpp" />
		<Unit filename="Happymusic.h" />
		<Unit filename="Miscmusic.cpp" />
		<Unit filename="Miscmusic.h" />
		<Unit filename="Readmusic.cpp" />
		<Unit filename="Readmusic.h" />
		<Unit filename="Sadmusic.cpp" />
		<Unit filename="Sadmusic.h" />
		<Unit filename="main.cpp" />
		<Unit filename="miscin.txt" />
		<Unit filename="miscout.txt" />
		<Unit filename="out.txt" />
		<Unit filename="tire.txt" />
		<Extensions>
			<code_completion />
			<envvars />
			<debugger />
			<lib_finder disable_auto="1" />
		</Extensions>
	</Project>
</CodeBlocks_project_file>
